
Microsoft Visual Studio Solution File, Format Version 12.00
# Visual Studio Version 16
VisualStudioVersion = 16.0.30002.166
MinimumVisualStudioVersion = 10.0.40219.1
Project("{9A19103F-16F7-4668-BE54-9A1E7A4F7556}") = "RobotsDino", "RobotsDino.csproj", "{8244E4DE-BE01-4A22-AEE8-D3FF4B7BE12A}"
EndProject
Global
	GlobalSection(SolutionConfigurationPlatforms) = preSolution
		Debug|Any CPU = Debug|Any CPU
		Release|Any CPU = Release|Any CPU
	EndGlobalSection
	GlobalSection(ProjectConfigurationPlatforms) = postSolution
		{8244E4DE-BE01-4A22-AEE8-D3FF4B7BE12A}.Debug|Any CPU.ActiveCfg = Debug|Any CPU
		{8244E4DE-BE01-4A22-AEE8-D3FF4B7BE12A}.Debug|Any CPU.Build.0 = Debug|Any CPU
		{8244E4DE-BE01-4A22-AEE8-D3FF4B7BE12A}.Release|Any CPU.ActiveCfg = Release|Any CPU
		{8244E4DE-BE01-4A22-AEE8-D3FF4B7BE12A}.Release|Any CPU.Build.0 = Release|Any CPU
	EndGlobalSection
	GlobalSection(SolutionProperties) = preSolution
		HideSolutionNode = FALSE
	EndGlobalSection
	GlobalSection(ExtensibilityGlobals) = postSolution
		SolutionGuid = {1A5FB1C0-7CF8-461A-A257-4B12D74D2491}
	EndGlobalSection
EndGlobal
